
Microsoft Visual Studio Solution File, Format Version 12.00
# Visual Studio Version 16
VisualStudioVersion = 16.0.30717.126
MinimumVisualStudioVersion = 10.0.40219.1
Project("{9A19103F-16F7-4668-BE54-9A1E7A4F7556}") = "BlazorSignalRApp.Server", "BlazorSignalRApp\Server\BlazorSignalRApp.Server.csproj", "{9357920C-1938-44E7-99FC-2333B2F24EE9}"
EndProject
Project("{9A19103F-16F7-4668-BE54-9A1E7A4F7556}") = "BlazorSignalRApp.Client", "BlazorSignalRApp\Client\BlazorSignalRApp.Client.csproj", "{BC16A2D8-D562-4FFF-BA81-E930272C884F}"
EndProject
Project("{9A19103F-16F7-4668-BE54-9A1E7A4F7556}") = "BlazorSignalRApp.Shared", "BlazorSignalRApp\Shared\BlazorSignalRApp.Shared.csproj", "{5AA2B496-2D07-42D9-A7F9-621F9D0C24CF}"
EndProject
Global
	GlobalSection(SolutionConfigurationPlatforms) = preSolution
		Debug|Any CPU = Debug|Any CPU
		Release|Any CPU = Release|Any CPU
	EndGlobalSection
	GlobalSection(ProjectConfigurationPlatforms) = postSolution
		{9357920C-1938-44E7-99FC-2333B2F24EE9}.Debug|Any CPU.ActiveCfg = Debug|Any CPU
		{9357920C-1938-44E7-99FC-2333B2F24EE9}.Debug|Any CPU.Build.0 = Debug|Any CPU
		{9357920C-1938-44E7-99FC-2333B2F24EE9}.Release|Any CPU.ActiveCfg = Release|Any CPU
		{9357920C-1938-44E7-99FC-2333B2F24EE9}.Release|Any CPU.Build.0 = Release|Any CPU
		{BC16A2D8-D562-4FFF-BA81-E930272C884F}.Debug|Any CPU.ActiveCfg = Debug|Any CPU
		{BC16A2D8-D562-4FFF-BA81-E930272C884F}.Debug|Any CPU.Build.0 = Debug|Any CPU
		{BC16A2D8-D562-4FFF-BA81-E930272C884F}.Release|Any CPU.ActiveCfg = Release|Any CPU
		{BC16A2D8-D562-4FFF-BA81-E930272C884F}.Release|Any CPU.Build.0 = Release|Any CPU
		{5AA2B496-2D07-42D9-A7F9-621F9D0C24CF}.Debug|Any CPU.ActiveCfg = Debug|Any CPU
		{5AA2B496-2D07-42D9-A7F9-621F9D0C24CF}.Debug|Any CPU.Build.0 = Debug|Any CPU
		{5AA2B496-2D07-42D9-A7F9-621F9D0C24CF}.Release|Any CPU.ActiveCfg = Release|Any CPU
		{5AA2B496-2D07-42D9-A7F9-621F9D0C24CF}.Release|Any CPU.Build.0 = Release|Any CPU
	EndGlobalSection
	GlobalSection(SolutionProperties) = preSolution
		HideSolutionNode = FALSE
	EndGlobalSection
	GlobalSection(ExtensibilityGlobals) = postSolution
		SolutionGuid = {0D490CF8-D659-42FE-9004-53C5F181B5A7}
	EndGlobalSection
EndGlobal
